
Microsoft Visual Studio Solution File, Format Version 12.00
# Visual Studio Version 16
VisualStudioVersion = 16.0.28803.156
MinimumVisualStudioVersion = 10.0.40219.1
Project("{FAE04EC0-301F-11D3-BF4B-00C04F79EFBC}") = "Fluid-HTN", "Fluid-HTN\Fluid-HTN.csproj", "{B6908CED-5C0B-415C-9564-85F66A8B5025}"
EndProject
Project("{FAE04EC0-301F-11D3-BF4B-00C04F79EFBC}") = "Fluid-HTN.UnitTests", "Fluid-HTN.UnitTests\Fluid-HTN.UnitTests.csproj", "{A6DAA5DB-FC2B-4D08-87A1-0E667A39CF21}"
EndProject
Global
	GlobalSection(SolutionConfigurationPlatforms) = preSolution
		Debug|Any CPU = Debug|Any CPU
		Release|Any CPU = Release|Any CPU
	EndGlobalSection
	GlobalSection(ProjectConfigurationPlatforms) = postSolution
		{B6908CED-5C0B-415C-9564-85F66A8B5025}.Debug|Any CPU.ActiveCfg = Debug|Any CPU
		{B6908CED-5C0B-415C-9564-85F66A8B5025}.Debug|Any CPU.Build.0 = Debug|Any CPU
		{B6908CED-5C0B-415C-9564-85F66A8B5025}.Release|Any CPU.ActiveCfg = Release|Any CPU
		{B6908CED-5C0B-415C-9564-85F66A8B5025}.Release|Any CPU.Build.0 = Release|Any CPU
		{A6DAA5DB-FC2B-4D08-87A1-0E667A39CF21}.Debug|Any CPU.ActiveCfg = Debug|Any CPU
		{A6DAA5DB-FC2B-4D08-87A1-0E667A39CF21}.Debug|Any CPU.Build.0 = Debug|Any CPU
		{A6DAA5DB-FC2B-4D08-87A1-0E667A39CF21}.Release|Any CPU.ActiveCfg = Release|Any CPU
		{A6DAA5DB-FC2B-4D08-87A1-0E667A39CF21}.Release|Any CPU.Build.0 = Release|Any CPU
	EndGlobalSection
	GlobalSection(SolutionProperties) = preSolution
		HideSolutionNode = FALSE
	EndGlobalSection
	GlobalSection(ExtensibilityGlobals) = postSolution
		SolutionGuid = {3FA46CE6-597F-4FFC-90BC-D8F56E64DF26}
	EndGlobalSection
EndGlobal
